
Microsoft Visual Studio Solution File, Format Version 12.00
# Visual Studio Version 17
VisualStudioVersion = 17.0.31903.59
MinimumVisualStudioVersion = 10.0.40219.1
Project("{2150E333-8FDC-42A3-9474-1A3956D46DE8}") = "src", "src", "{827E0CD3-B72D-47B6-A68D-7590B98EB39B}"
EndProject
Project("{FAE04EC0-301F-11D3-BF4B-00C04F79EFBC}") = "App.GitHealth.Core", "src\App.GitHealth.Core\App.GitHealth.Core.csproj", "{E6C56497-8041-4765-B7A4-EB20C6683A56}"
EndProject
Project("{FAE04EC0-301F-11D3-BF4B-00C04F79EFBC}") = "App.GitHealth.Api", "src\App.GitHealth.Api\App.GitHealth.Api.csproj", "{A9506C3C-774A-4C59-9932-7CC72A5CDD96}"
EndProject
Project("{2150E333-8FDC-42A3-9474-1A3956D46DE8}") = "tests", "tests", "{0AB3BF05-4346-4AA6-1389-037BE0695223}"
EndProject
Project("{FAE04EC0-301F-11D3-BF4B-00C04F79EFBC}") = "App.GitHealth.Core.Tests", "tests\App.GitHealth.Core.Tests\App.GitHealth.Core.Tests.csproj", "{357AE341-BD4B-4878-B429-3D3C93CAACD5}"
EndProject
Project("{FAE04EC0-301F-11D3-BF4B-00C04F79EFBC}") = "App.GitHealth.Api.Tests", "tests\App.GitHealth.Api.Tests\App.GitHealth.Api.Tests.csproj", "{D1EAD483-C1F9-403E-83DD-0DDCBEDF6018}"
EndProject
Project("{FAE04EC0-301F-11D3-BF4B-00C04F79EFBC}") = "App.GitHealth.Git.IntegrationTests", "tests\App.GitHealth.Git.IntegrationTests\App.GitHealth.Git.IntegrationTests.csproj", "{6FCF392D-A012-4383-94B6-5DE5A605153D}"
EndProject
Project("{FAE04EC0-301F-11D3-BF4B-00C04F79EFBC}") = "App.GitHealth.Git.TestHost", "tests\App.GitHealth.Git.TestHost\App.GitHealth.Git.TestHost.csproj", "{CA96BF7D-C486-4AAB-B620-F85D1E82395B}"
EndProject
Global
	GlobalSection(SolutionConfigurationPlatforms) = preSolution
		Debug|Any CPU = Debug|Any CPU
		Debug|x64 = Debug|x64
		Debug|x86 = Debug|x86
		Release|Any CPU = Release|Any CPU
		Release|x64 = Release|x64
		Release|x86 = Release|x86
	EndGlobalSection
	GlobalSection(ProjectConfigurationPlatforms) = postSolution
		{E6C56497-8041-4765-B7A4-EB20C6683A56}.Debug|Any CPU.ActiveCfg = Debug|Any CPU
		{E6C56497-8041-4765-B7A4-EB20C6683A56}.Debug|Any CPU.Build.0 = Debug|Any CPU
		{E6C56497-8041-4765-B7A4-EB20C6683A56}.Debug|x64.ActiveCfg = Debug|Any CPU
		{E6C56497-8041-4765-B7A4-EB20C6683A56}.Debug|x64.Build.0 = Debug|Any CPU
		{E6C56497-8041-4765-B7A4-EB20C6683A56}.Debug|x86.ActiveCfg = Debug|Any CPU
		{E6C56497-8041-4765-B7A4-EB20C6683A56}.Debug|x86.Build.0 = Debug|Any CPU
		{E6C56497-8041-4765-B7A4-EB20C6683A56}.Release|Any CPU.ActiveCfg = Release|Any CPU
		{E6C56497-8041-4765-B7A4-EB20C6683A56}.Release|Any CPU.Build.0 = Release|Any CPU
		{E6C56497-8041-4765-B7A4-EB20C6683A56}.Release|x64.ActiveCfg = Release|Any CPU
		{E6C56497-8041-4765-B7A4-EB20C6683A56}.Release|x64.Build.0 = Release|Any CPU
		{E6C56497-8041-4765-B7A4-EB20C6683A56}.Release|x86.ActiveCfg = Release|Any CPU
		{E6C56497-8041-4765-B7A4-EB20C6683A56}.Release|x86.Build.0 = Release|Any CPU
		{A9506C3C-774A-4C59-9932-7CC72A5CDD96}.Debug|Any CPU.ActiveCfg = Debug|Any CPU
		{A9506C3C-774A-4C59-9932-7CC72A5CDD96}.Debug|Any CPU.Build.0 = Debug|Any CPU
		{A9506C3C-774A-4C59-9932-7CC72A5CDD96}.Debug|x64.ActiveCfg = Debug|Any CPU
		{A9506C3C-774A-4C59-9932-7CC72A5CDD96}.Debug|x64.Build.0 = Debug|Any CPU
		{A9506C3C-774A-4C59-9932-7CC72A5CDD96}.Debug|x86.ActiveCfg = Debug|Any CPU
		{A9506C3C-774A-4C59-9932-7CC72A5CDD96}.Debug|x86.Build.0 = Debug|Any CPU
		{A9506C3C-774A-4C59-9932-7CC72A5CDD96}.Release|Any CPU.ActiveCfg = Release|Any CPU
		{A9506C3C-774A-4C59-9932-7CC72A5CDD96}.Release|Any CPU.Build.0 = Release|Any CPU
		{A9506C3C-774A-4C59-9932-7CC72A5CDD96}.Release|x64.ActiveCfg = Release|Any CPU
		{A9506C3C-774A-4C59-9932-7CC72A5CDD96}.Release|x64.Build.0 = Release|Any CPU
		{A9506C3C-774A-4C59-9932-7CC72A5CDD96}.Release|x86.ActiveCfg = Release|Any CPU
		{A9506C3C-774A-4C59-9932-7CC72A5CDD96}.Release|x86.Build.0 = Release|Any CPU
		{357AE341-BD4B-4878-B429-3D3C93CAACD5}.Debug|Any CPU.ActiveCfg = Debug|Any CPU
		{357AE341-BD4B-4878-B429-3D3C93CAACD5}.Debug|Any CPU.Build.0 = Debug|Any CPU
		{357AE341-BD4B-4878-B429-3D3C93CAACD5}.Debug|x64.ActiveCfg = Debug|Any CPU
		{357AE341-BD4B-4878-B429-3D3C93CAACD5}.Debug|x64.Build.0 = Debug|Any CPU
		{357AE341-BD4B-4878-B429-3D3C93CAACD5}.Debug|x86.ActiveCfg = Debug|Any CPU
		{357AE341-BD4B-4878-B429-3D3C93CAACD5}.Debug|x86.Build.0 = Debug|Any CPU
		{357AE341-BD4B-4878-B429-3D3C93CAACD5}.Release|Any CPU.ActiveCfg = Release|Any CPU
		{357AE341-BD4B-4878-B429-3D3C93CAACD5}.Release|Any CPU.Build.0 = Release|Any CPU
		{357AE341-BD4B-4878-B429-3D3C93CAACD5}.Release|x64.ActiveCfg = Release|Any CPU
		{357AE341-BD4B-4878-B429-3D3C93CAACD5}.Release|x64.Build.0 = Release|Any CPU
		{357AE341-BD4B-4878-B429-3D3C93CAACD5}.Release|x86.ActiveCfg = Release|Any CPU
		{357AE341-BD4B-4878-B429-3D3C93CAACD5}.Release|x86.Build.0 = Release|Any CPU
		{D1EAD483-C1F9-403E-83DD-0DDCBEDF6018}.Debug|Any CPU.ActiveCfg = Debug|Any CPU
		{D1EAD483-C1F9-403E-83DD-0DDCBEDF6018}.Debug|Any CPU.Build.0 = Debug|Any CPU
		{D1EAD483-C1F9-403E-83DD-0DDCBEDF6018}.Debug|x64.ActiveCfg = Debug|Any CPU
		{D1EAD483-C1F9-403E-83DD-0DDCBEDF6018}.Debug|x64.Build.0 = Debug|Any CPU
		{D1EAD483-C1F9-403E-83DD-0DDCBEDF6018}.Debug|x86.ActiveCfg = Debug|Any CPU
		{D1EAD483-C1F9-403E-83DD-0DDCBEDF6018}.Debug|x86.Build.0 = Debug|Any CPU
		{D1EAD483-C1F9-403E-83DD-0DDCBEDF6018}.Release|Any CPU.ActiveCfg = Release|Any CPU
		{D1EAD483-C1F9-403E-83DD-0DDCBEDF6018}.Release|Any CPU.Build.0 = Release|Any CPU
		{D1EAD483-C1F9-403E-83DD-0DDCBEDF6018}.Release|x64.ActiveCfg = Release|Any CPU
		{D1EAD483-C1F9-403E-83DD-0DDCBEDF6018}.Release|x64.Build.0 = Release|Any CPU
		{D1EAD483-C1F9-403E-83DD-0DDCBEDF6018}.Release|x86.ActiveCfg = Release|Any CPU
		{D1EAD483-C1F9-403E-83DD-0DDCBEDF6018}.Release|x86.Build.0 = Release|Any CPU
		{6FCF392D-A012-4383-94B6-5DE5A605153D}.Debug|Any CPU.ActiveCfg = Debug|Any CPU
		{6FCF392D-A012-4383-94B6-5DE5A605153D}.Debug|Any CPU.Build.0 = Debug|Any CPU
		{6FCF392D-A012-4383-94B6-5DE5A605153D}.Debug|x64.ActiveCfg = Debug|Any CPU
		{6FCF392D-A012-4383-94B6-5DE5A605153D}.Debug|x64.Build.0 = Debug|Any CPU
		{6FCF392D-A012-4383-94B6-5DE5A605153D}.Debug|x86.ActiveCfg = Debug|Any CPU
		{6FCF392D-A012-4383-94B6-5DE5A605153D}.Debug|x86.Build.0 = Debug|Any CPU
		{6FCF392D-A012-4383-94B6-5DE5A605153D}.Release|Any CPU.ActiveCfg = Release|Any CPU
		{6FCF392D-A012-4383-94B6-5DE5A605153D}.Release|Any CPU.Build.0 = Release|Any CPU
		{6FCF392D-A012-4383-94B6-5DE5A605153D}.Release|x64.ActiveCfg = Release|Any CPU
		{6FCF392D-A012-4383-94B6-5DE5A605153D}.Release|x64.Build.0 = Release|Any CPU
		{6FCF392D-A012-4383-94B6-5DE5A605153D}.Release|x86.ActiveCfg = Release|Any CPU
		{6FCF392D-A012-4383-94B6-5DE5A605153D}.Release|x86.Build.0 = Release|Any CPU
		{CA96BF7D-C486-4AAB-B620-F85D1E82395B}.Debug|Any CPU.ActiveCfg = Debug|Any CPU
		{CA96BF7D-C486-4AAB-B620-F85D1E82395B}.Debug|Any CPU.Build.0 = Debug|Any CPU
		{CA96BF7D-C486-4AAB-B620-F85D1E82395B}.Debug|x64.ActiveCfg = Debug|Any CPU
		{CA96BF7D-C486-4AAB-B620-F85D1E82395B}.Debug|x64.Build.0 = Debug|Any CPU
		{CA96BF7D-C486-4AAB-B620-F85D1E82395B}.Debug|x86.ActiveCfg = Debug|Any CPU
		{CA96BF7D-C486-4AAB-B620-F85D1E82395B}.Debug|x86.Build.0 = Debug|Any CPU
		{CA96BF7D-C486-4AAB-B620-F85D1E82395B}.Release|Any CPU.ActiveCfg = Release|Any CPU
		{CA96BF7D-C486-4AAB-B620-F85D1E82395B}.Release|Any CPU.Build.0 = Release|Any CPU
		{CA96BF7D-C486-4AAB-B620-F85D1E82395B}.Release|x64.ActiveCfg = Release|Any CPU
		{CA96BF7D-C486-4AAB-B620-F85D1E82395B}.Release|x64.Build.0 = Release|Any CPU
		{CA96BF7D-C486-4AAB-B620-F85D1E82395B}.Release|x86.ActiveCfg = Release|Any CPU
		{CA96BF7D-C486-4AAB-B620-F85D1E82395B}.Release|x86.Build.0 = Release|Any CPU
	EndGlobalSection
	GlobalSection(SolutionProperties) = preSolution
		HideSolutionNode = FALSE
	EndGlobalSection
	GlobalSection(NestedProjects) = preSolution
		{E6C56497-8041-4765-B7A4-EB20C6683A56} = {827E0CD3-B72D-47B6-A68D-7590B98EB39B}
		{A9506C3C-774A-4C59-9932-7CC72A5CDD96} = {827E0CD3-B72D-47B6-A68D-7590B98EB39B}
		{357AE341-BD4B-4878-B429-3D3C93CAACD5} = {0AB3BF05-4346-4AA6-1389-037BE0695223}
		{D1EAD483-C1F9-403E-83DD-0DDCBEDF6018} = {0AB3BF05-4346-4AA6-1389-037BE0695223}
		{6FCF392D-A012-4383-94B6-5DE5A605153D} = {0AB3BF05-4346-4AA6-1389-037BE0695223}
		{CA96BF7D-C486-4AAB-B620-F85D1E82395B} = {0AB3BF05-4346-4AA6-1389-037BE0695223}
	EndGlobalSection
EndGlobal
